// !$*UTF8*$!
{
	archiveVersion = 1;
	classes = {
	};
	objectVersion = 56;
	objects = {

/* Begin PBXBuildFile section */
		A0F692EB2A34F12700CB564D /* RainaApp.swift in Sources */ = {isa = PBXBuildFile; fileRef = A0F692EA2A34F12700CB564D /* RainaApp.swift */; };
		A0F692ED2A34F12700CB564D /* ContentView.swift in Sources */ = {isa = PBXBuildFile; fileRef = A0F692EC2A34F12700CB564D /* ContentView.swift */; };
		A0F692EF2A34F12700CB564D /* Assets.xcassets in Resources */ = {isa = PBXBuildFile; fileRef = A0F692EE2A34F12700CB564D /* Assets.xcassets */; };
		A0F692F22A34F12700CB564D /* Preview Assets.xcassets in Resources */ = {isa = PBXBuildFile; fileRef = A0F692F12A34F12700CB564D /* Preview Assets.xcassets */; };
		A0F692F82A34F12700CB564D /* Raina Watch App.app in Embed Watch Content */ = {isa = PBXBuildFile; fileRef = A0F692F72A34F12700CB564D /* Raina Watch App.app */; settings = {ATTRIBUTES = (RemoveHeadersOnCopy, ); }; };
		A0F692FD2A34F12700CB564D /* RainaApp.swift in Sources */ = {isa = PBXBuildFile; fileRef = A0F692FC2A34F12700CB564D /* RainaApp.swift */; };
		A0F692FF2A34F12700CB564D /* ContentView.swift in Sources */ = {isa = PBXBuildFile; fileRef = A0F692FE2A34F12700CB564D /* ContentView.swift */; };
		A0F693012A34F12800CB564D /* Assets.xcassets in Resources */ = {isa = PBXBuildFile; fileRef = A0F693002A34F12800CB564D /* Assets.xcassets */; };
		A0F693042A34F12800CB564D /* Preview Assets.xcassets in Resources */ = {isa = PBXBuildFile; fileRef = A0F693032A34F12800CB564D /* Preview Assets.xcassets */; };
/* End PBXBuildFile section */

/* Begin PBXContainerItemProxy section */
		A0F692F92A34F12700CB564D /* PBXContainerItemProxy */ = {
			isa = PBXContainerItemProxy;
			containerPortal = A0F692DF2A34F12600CB564D /* Project object */;
			proxyType = 1;
			remoteGlobalIDString = A0F692F62A34F12700CB564D;
			remoteInfo = "Raina Watch App";
		};
/* End PBXContainerItemProxy section */

/* Begin PBXCopyFilesBuildPhase section */
		A0F6930A2A34F12800CB564D /* Embed Watch Content */ = {
			isa = PBXCopyFilesBuildPhase;
			buildActionMask = 2147483647;
			dstPath = "$(CONTENTS_FOLDER_PATH)/Watch";
			dstSubfolderSpec = 16;
			files = (
				A0F692F82A34F12700CB564D /* Raina Watch App.app in Embed Watch Content */,
			);
			name = "Embed Watch Content";
			runOnlyForDeploymentPostprocessing = 0;
		};
/* End PBXCopyFilesBuildPhase section */

/* Begin PBXFileReference section */
		A0F692E72A34F12700CB564D /* Raina.app */ = {isa = PBXFileReference; explicitFileType = wrapper.application; includeInIndex = 0; path = Raina.app; sourceTree = BUILT_PRODUCTS_DIR; };
		A0F692EA2A34F12700CB564D /* RainaApp.swift */ = {isa = PBXFileReference; lastKnownFileType = sourcecode.swift; path = RainaApp.swift; sourceTree = "<group>"; };
		A0F692EC2A34F12700CB564D /* ContentView.swift */ = {isa = PBXFileReference; lastKnownFileType = sourcecode.swift; path = ContentView.swift; sourceTree = "<group>"; };
		A0F692EE2A34F12700CB564D /* Assets.xcassets */ = {isa = PBXFileReference; lastKnownFileType = folder.assetcatalog; path = Assets.xcassets; sourceTree = "<group>"; };
		A0F692F12A34F12700CB564D /* Preview Assets.xcassets */ = {isa = PBXFileReference; lastKnownFileType = folder.assetcatalog; path = "Preview Assets.xcassets"; sourceTree = "<group>"; };
		A0F692F72A34F12700CB564D /* Raina Watch App.app */ = {isa = PBXFileReference; explicitFileType = wrapper.application; includeInIndex = 0; path = "Raina Watch App.app"; sourceTree = BUILT_PRODUCTS_DIR; };
		A0F692FC2A34F12700CB564D /* RainaApp.swift */ = {isa = PBXFileReference; lastKnownFileType = sourcecode.swift; path = RainaApp.swift; sourceTree = "<group>"; };
		A0F692FE2A34F12700CB564D /* ContentView.swift */ = {isa = PBXFileReference; lastKnownFileType = sourcecode.swift; path = ContentView.swift; sourceTree = "<group>"; };
		A0F693002A34F12800CB564D /* Assets.xcassets */ = {isa = PBXFileReference; lastKnownFileType = folder.assetcatalog; path = Assets.xcassets; sourceTree = "<group>"; };
		A0F693032A34F12800CB564D /* Preview Assets.xcassets */ = {isa = PBXFileReference; lastKnownFileType = folder.assetcatalog; path = "Preview Assets.xcassets"; sourceTree = "<group>"; };
/* End PBXFileReference section */

/* Begin PBXFrameworksBuildPhase section */
		A0F692E42A34F12700CB564D /* Frameworks */ = {
			isa = PBXFrameworksBuildPhase;
			buildActionMask = 2147483647;
			files = (
			);
			runOnlyForDeploymentPostprocessing = 0;
		};
		A0F692F42A34F12700CB564D /* Frameworks */ = {
			isa = PBXFrameworksBuildPhase;
			buildActionMask = 2147483647;
			files = (
			);
			runOnlyForDeploymentPostprocessing = 0;
		};
/* End PBXFrameworksBuildPhase section */

/* Begin PBXGroup section */
		A0F692DE2A34F12600CB564D = {
			isa = PBXGroup;
			children = (
				A0F692E92A34F12700CB564D /* Raina */,
				A0F692FB2A34F12700CB564D /* Raina Watch App */,
				A0F692E82A34F12700CB564D /* Products */,
			);
			sourceTree = "<group>";
		};
		A0F692E82A34F12700CB564D /* Products */ = {
			isa = PBXGroup;
			children = (
				A0F692E72A34F12700CB564D /* Raina.app */,
				A0F692F72A34F12700CB564D /* Raina Watch App.app */,
			);
			name = Products;
			sourceTree = "<group>";
		};
		A0F692E92A34F12700CB564D /* Raina */ = {
			isa = PBXGroup;
			children = (
				A0F692EA2A34F12700CB564D /* RainaApp.swift */,
				A0F692EC2A34F12700CB564D /* ContentView.swift */,
				A0F692EE2A34F12700CB564D /* Assets.xcassets */,
				A0F692F02A34F12700CB564D /* Preview Content */,
			);
			path = Raina;
			sourceTree = "<group>";
		};
		A0F692F02A34F12700CB564D /* Preview Content */ = {
			isa = PBXGroup;
			children = (
				A0F692F12A34F12700CB564D /* Preview Assets.xcassets */,
			);
			path = "Preview Content";
			sourceTree = "<group>";
		};
		A0F692FB2A34F12700CB564D /* Raina Watch App */ = {
			isa = PBXGroup;
			children = (
				A0F692FC2A34F12700CB564D /* RainaApp.swift */,
				A0F692FE2A34F12700CB564D /* ContentView.swift */,
				A0F693002A34F12800CB564D /* Assets.xcassets */,
				A0F693022A34F12800CB564D /* Preview Content */,
			);
			path = "Raina Watch App";
			sourceTree = "<group>";
		};
		A0F693022A34F12800CB564D /* Preview Content */ = {
			isa = PBXGroup;
			children = (
				A0F693032A34F12800CB564D /* Preview Assets.xcassets */,
			);
			path = "Preview Content";
			sourceTree = "<group>";
		};
/* End PBXGroup section */

/* Begin PBXNativeTarget section */
		A0F692E62A34F12700CB564D /* Raina */ = {
			isa = PBXNativeTarget;
			buildConfigurationList = A0F6930B2A34F12800CB564D /* Build configuration list for PBXNativeTarget "Raina" */;
			buildPhases = (
				A0F692E32A34F12700CB564D /* Sources */,
				A0F692E42A34F12700CB564D /* Frameworks */,
				A0F692E52A34F12700CB564D /* Resources */,
				A0F6930A2A34F12800CB564D /* Embed Watch Content */,
			);
			buildRules = (
			);
			dependencies = (
				A0F692FA2A34F12700CB564D /* PBXTargetDependency */,
			);
			name = Raina;
			productName = Raina;
			productReference = A0F692E72A34F12700CB564D /* Raina.app */;
			productType = "com.apple.product-type.application";
		};
		A0F692F62A34F12700CB564D /* Raina Watch App */ = {
			isa = PBXNativeTarget;
			buildConfigurationList = A0F693072A34F12800CB564D /* Build configuration list for PBXNativeTarget "Raina Watch App" */;
			buildPhases = (
				A0F692F32A34F12700CB564D /* Sources */,
				A0F692F42A34F12700CB564D /* Frameworks */,
				A0F692F52A34F12700CB564D /* Resources */,
			);
			buildRules = (
			);
			dependencies = (
			);
			name = "Raina Watch App";
			productName = "Raina Watch App";
			productReference = A0F692F72A34F12700CB564D /* Raina Watch App.app */;
			productType = "com.apple.product-type.application";
		};
/* End PBXNativeTarget section */

/* Begin PBXProject section */
		A0F692DF2A34F12600CB564D /* Project object */ = {
			isa = PBXProject;
			attributes = {
				BuildIndependentTargetsInParallel = 1;
				LastSwiftUpdateCheck = 1430;
				LastUpgradeCheck = 1430;
				TargetAttributes = {
					A0F692E62A34F12700CB564D = {
						CreatedOnToolsVersion = 14.3.1;
					};
					A0F692F62A34F12700CB564D = {
						CreatedOnToolsVersion = 14.3.1;
					};
				};
			};
			buildConfigurationList = A0F692E22A34F12600CB564D /* Build configuration list for PBXProject "Raina" */;
			compatibilityVersion = "Xcode 14.0";
			developmentRegion = en;
			hasScannedForEncodings = 0;
			knownRegions = (
				en,
				Base,
			);
			mainGroup = A0F692DE2A34F12600CB564D;
			productRefGroup = A0F692E82A34F12700CB564D /* Products */;
			projectDirPath = "";
			projectRoot = "";
			targets = (
				A0F692E62A34F12700CB564D /* Raina */,
				A0F692F62A34F12700CB564D /* Raina Watch App */,
			);
		};
/* End PBXProject section */

/* Begin PBXResourcesBuildPhase section */
		A0F692E52A34F12700CB564D /* Resources */ = {
			isa = PBXResourcesBuildPhase;
			buildActionMask = 2147483647;
			files = (
				A0F692F22A34F12700CB564D /* Preview Assets.xcassets in Resources */,
				A0F692EF2A34F12700CB564D /* Assets.xcassets in Resources */,
			);
			runOnlyForDeploymentPostprocessing = 0;
		};
		A0F692F52A34F12700CB564D /* Resources */ = {
			isa = PBXResourcesBuildPhase;
			buildActionMask = 2147483647;
			files = (
				A0F693042A34F12800CB564D /* Preview Assets.xcassets in Resources */,
				A0F693012A34F12800CB564D /* Assets.xcassets in Resources */,
			);
			runOnlyForDeploymentPostprocessing = 0;
		};
/* End PBXResourcesBuildPhase section */

/* Begin PBXSourcesBuildPhase section */
		A0F692E32A34F12700CB564D /* Sources */ = {
			isa = PBXSourcesBuildPhase;
			buildActionMask = 2147483647;
			files = (
				A0F692ED2A34F12700CB564D /* ContentView.swift in Sources */,
				A0F692EB2A34F12700CB564D /* RainaApp.swift in Sources */,
			);
			runOnlyForDeploymentPostprocessing = 0;
		};
		A0F692F32A34F12700CB564D /* Sources */ = {
			isa = PBXSourcesBuildPhase;
			buildActionMask = 2147483647;
			files = (
				A0F692FF2A34F12700CB564D /* ContentView.swift in Sources */,
				A0F692FD2A34F12700CB564D /* RainaApp.swift in Sources */,
			);
			runOnlyForDeploymentPostprocessing = 0;
		};
/* End PBXSourcesBuildPhase section */

/* Begin PBXTargetDependency section */
		A0F692FA2A34F12700CB564D /* PBXTargetDependency */ = {
			isa = PBXTargetDependency;
			target = A0F692F62A34F12700CB564D /* Raina Watch App */;
			targetProxy = A0F692F92A34F12700CB564D /* PBXContainerItemProxy */;
		};
/* End PBXTargetDependency section */

/* Begin XCBuildConfiguration section */
		A0F693052A34F12800CB564D /* Debug */ = {
			isa = XCBuildConfiguration;
			buildSettings = {
				ALWAYS_SEARCH_USER_PATHS = NO;
				CLANG_ANALYZER_NONNULL = YES;
				CLANG_ANALYZER_NUMBER_OBJECT_CONVERSION = YES_AGGRESSIVE;
				CLANG_CXX_LANGUAGE_STANDARD = "gnu++20";
				CLANG_ENABLE_MODULES = YES;
				CLANG_ENABLE_OBJC_ARC = YES;
				CLANG_ENABLE_OBJC_WEAK = YES;
				CLANG_WARN_BLOCK_CAPTURE_AUTORELEASING = YES;
				CLANG_WARN_BOOL_CONVERSION = YES;
				CLANG_WARN_COMMA = YES;
				CLANG_WARN_CONSTANT_CONVERSION = YES;
				CLANG_WARN_DEPRECATED_OBJC_IMPLEMENTATIONS = YES;
				CLANG_WARN_DIRECT_OBJC_ISA_USAGE = YES_ERROR;
				CLANG_WARN_DOCUMENTATION_COMMENTS = YES;
				CLANG_WARN_EMPTY_BODY = YES;
				CLANG_WARN_ENUM_CONVERSION = YES;
				CLANG_WARN_INFINITE_RECURSION = YES;
				CLANG_WARN_INT_CONVERSION = YES;
				CLANG_WARN_NON_LITERAL_NULL_CONVERSION = YES;
				CLANG_WARN_OBJC_IMPLICIT_RETAIN_SELF = YES;
				CLANG_WARN_OBJC_LITERAL_CONVERSION = YES;
				CLANG_WARN_OBJC_ROOT_CLASS = YES_ERROR;
				CLANG_WARN_QUOTED_INCLUDE_IN_FRAMEWORK_HEADER = YES;
				CLANG_WARN_RANGE_LOOP_ANALYSIS = YES;
				CLANG_WARN_STRICT_PROTOTYPES = YES;
				CLANG_WARN_SUSPICIOUS_MOVE = YES;
				CLANG_WARN_UNGUARDED_AVAILABILITY = YES_AGGRESSIVE;
				CLANG_WARN_UNREACHABLE_CODE = YES;
				CLANG_WARN__DUPLICATE_METHOD_MATCH = YES;
				COPY_PHASE_STRIP = NO;
				DEBUG_INFORMATION_FORMAT = dwarf;
				ENABLE_STRICT_OBJC_MSGSEND = YES;
				ENABLE_TESTABILITY = YES;
				GCC_C_LANGUAGE_STANDARD = gnu11;
				GCC_DYNAMIC_NO_PIC = NO;
				GCC_NO_COMMON_BLOCKS = YES;
				GCC_OPTIMIZATION_LEVEL = 0;
				GCC_PREPROCESSOR_DEFINITIONS = (
					"DEBUG=1",
					"$(inherited)",
				);
				GCC_WARN_64_TO_32_BIT_CONVERSION = YES;
				GCC_WARN_ABOUT_RETURN_TYPE = YES_ERROR;
				GCC_WARN_UNDECLARED_SELECTOR = YES;
				GCC_WARN_UNINITIALIZED_AUTOS = YES_AGGRESSIVE;
				GCC_WARN_UNUSED_FUNCTION = YES;
				GCC_WARN_UNUSED_VARIABLE = YES;
				MTL_ENABLE_DEBUG_INFO = INCLUDE_SOURCE;
				MTL_FAST_MATH = YES;
				ONLY_ACTIVE_ARCH = YES;
				SWIFT_ACTIVE_COMPILATION_CONDITIONS = DEBUG;
				SWIFT_OPTIMIZATION_LEVEL = "-Onone";
			};
			name = Debug;
		};
		A0F693062A34F12800CB564D /* Release */ = {
			isa = XCBuildConfiguration;
			buildSettings = {
				ALWAYS_SEARCH_USER_PATHS = NO;
				CLANG_ANALYZER_NONNULL = YES;
				CLANG_ANALYZER_NUMBER_OBJECT_CONVERSION = YES_AGGRESSIVE;
				CLANG_CXX_LANGUAGE_STANDARD = "gnu++20";
				CLANG_ENABLE_MODULES = YES;
				CLANG_ENABLE_OBJC_ARC = YES;
				CLANG_ENABLE_OBJC_WEAK = YES;
				CLANG_WARN_BLOCK_CAPTURE_AUTORELEASING = YES;
				CLANG_WARN_BOOL_CONVERSION = YES;
				CLANG_WARN_COMMA = YES;
				CLANG_WARN_CONSTANT_CONVERSION = YES;
				CLANG_WARN_DEPRECATED_OBJC_IMPLEMENTATIONS = YES;
				CLANG_WARN_DIRECT_OBJC_ISA_USAGE = YES_ERROR;
				CLANG_WARN_DOCUMENTATION_COMMENTS = YES;
				CLANG_WARN_EMPTY_BODY = YES;
				CLANG_WARN_ENUM_CONVERSION = YES;
				CLANG_WARN_INFINITE_RECURSION = YES;
				CLANG_WARN_INT_CONVERSION = YES;
				CLANG_WARN_NON_LITERAL_NULL_CONVERSION = YES;
				CLANG_WARN_OBJC_IMPLICIT_RETAIN_SELF = YES;
				CLANG_WARN_OBJC_LITERAL_CONVERSION = YES;
				CLANG_WARN_OBJC_ROOT_CLASS = YES_ERROR;
				CLANG_WARN_QUOTED_INCLUDE_IN_FRAMEWORK_HEADER = YES;
				CLANG_WARN_RANGE_LOOP_ANALYSIS = YES;
				CLANG_WARN_STRICT_PROTOTYPES = YES;
				CLANG_WARN_SUSPICIOUS_MOVE = YES;
				CLANG_WARN_UNGUARDED_AVAILABILITY = YES_AGGRESSIVE;
				CLANG_WARN_UNREACHABLE_CODE = YES;
				CLANG_WARN__DUPLICATE_METHOD_MATCH = YES;
				COPY_PHASE_STRIP = NO;
				DEBUG_INFORMATION_FORMAT = "dwarf-with-dsym";
				ENABLE_NS_ASSERTIONS = NO;
				ENABLE_STRICT_OBJC_MSGSEND = YES;
				GCC_C_LANGUAGE_STANDARD = gnu11;
				GCC_NO_COMMON_BLOCKS = YES;
				GCC_WARN_64_TO_32_BIT_CONVERSION = YES;
				GCC_WARN_ABOUT_RETURN_TYPE = YES_ERROR;
				GCC_WARN_UNDECLARED_SELECTOR = YES;
				GCC_WARN_UNINITIALIZED_AUTOS = YES_AGGRESSIVE;
				GCC_WARN_UNUSED_FUNCTION = YES;
				GCC_WARN_UNUSED_VARIABLE = YES;
				MTL_ENABLE_DEBUG_INFO = NO;
				MTL_FAST_MATH = YES;
				SWIFT_COMPILATION_MODE = wholemodule;
				SWIFT_OPTIMIZATION_LEVEL = "-O";
			};
			name = Release;
		};
		A0F693082A34F12800CB564D /* Debug */ = {
			isa = XCBuildConfiguration;
			buildSettings = {
				ASSETCATALOG_COMPILER_APPICON_NAME = AppIcon;
				ASSETCATALOG_COMPILER_GLOBAL_ACCENT_COLOR_NAME = AccentColor;
				CODE_SIGN_STYLE = Automatic;
				CURRENT_PROJECT_VERSION = 1;
				DEVELOPMENT_ASSET_PATHS = "\"Raina Watch App/Preview Content\"";
				DEVELOPMENT_TEAM = 6YTE2DBWC7;
				ENABLE_PREVIEWS = YES;
				GENERATE_INFOPLIST_FILE = YES;
				INFOPLIST_KEY_CFBundleDisplayName = Raina;
				INFOPLIST_KEY_UISupportedInterfaceOrientations = "UIInterfaceOrientationPortrait UIInterfaceOrientationPortraitUpsideDown";
				INFOPLIST_KEY_WKCompanionAppBundleIdentifier = com.rainastuff.Raina;
				LD_RUNPATH_SEARCH_PATHS = (
					"$(inherited)",
					"@executable_path/Frameworks",
				);
				MARKETING_VERSION = 1.0;
				PRODUCT_BUNDLE_IDENTIFIER = com.rainastuff.Raina.watchapp;
				PRODUCT_NAME = "$(TARGET_NAME)";
				SDKROOT = watchos;
				SKIP_INSTALL = YES;
				SWIFT_EMIT_LOC_STRINGS = YES;
				SWIFT_VERSION = 5.0;
				TARGETED_DEVICE_FAMILY = 4;
				WATCHOS_DEPLOYMENT_TARGET = 8.7;
			};
			name = Debug;
		};
		A0F693092A34F12800CB564D /* Release */ = {
			isa = XCBuildConfiguration;
			buildSettings = {
				ASSETCATALOG_COMPILER_APPICON_NAME = AppIcon;
				ASSETCATALOG_COMPILER_GLOBAL_ACCENT_COLOR_NAME = AccentColor;
				CODE_SIGN_STYLE = Automatic;
				CURRENT_PROJECT_VERSION = 1;
				DEVELOPMENT_ASSET_PATHS = "\"Raina Watch App/Preview Content\"";
				DEVELOPMENT_TEAM = 6YTE2DBWC7;
				ENABLE_PREVIEWS = YES;
				GENERATE_INFOPLIST_FILE = YES;
				INFOPLIST_KEY_CFBundleDisplayName = Raina;
				INFOPLIST_KEY_UISupportedInterfaceOrientations = "UIInterfaceOrientationPortrait UIInterfaceOrientationPortraitUpsideDown";
				INFOPLIST_KEY_WKCompanionAppBundleIdentifier = com.rainastuff.Raina;
				LD_RUNPATH_SEARCH_PATHS = (
					"$(inherited)",
					"@executable_path/Frameworks",
				);
				MARKETING_VERSION = 1.0;
				PRODUCT_BUNDLE_IDENTIFIER = com.rainastuff.Raina.watchapp;
				PRODUCT_NAME = "$(TARGET_NAME)";
				SDKROOT = watchos;
				SKIP_INSTALL = YES;
				SWIFT_EMIT_LOC_STRINGS = YES;
				SWIFT_VERSION = 5.0;
				TARGETED_DEVICE_FAMILY = 4;
				VALIDATE_PRODUCT = YES;
				WATCHOS_DEPLOYMENT_TARGET = 8.7;
			};
			name = Release;
		};
		A0F6930C2A34F12800CB564D /* Debug */ = {
			isa = XCBuildConfiguration;
			buildSettings = {
				ALWAYS_EMBED_SWIFT_STANDARD_LIBRARIES = YES;
				ASSETCATALOG_COMPILER_APPICON_NAME = AppIcon;
				ASSETCATALOG_COMPILER_GLOBAL_ACCENT_COLOR_NAME = AccentColor;
				CODE_SIGN_STYLE = Automatic;
				CURRENT_PROJECT_VERSION = 1;
				DEVELOPMENT_ASSET_PATHS = "\"Raina/Preview Content\"";
				DEVELOPMENT_TEAM = 6YTE2DBWC7;
				ENABLE_PREVIEWS = YES;
				GENERATE_INFOPLIST_FILE = YES;
				INFOPLIST_KEY_CFBundleDisplayName = Raina;
				INFOPLIST_KEY_UIApplicationSceneManifest_Generation = YES;
				INFOPLIST_KEY_UIApplicationSupportsIndirectInputEvents = YES;
				INFOPLIST_KEY_UILaunchScreen_Generation = YES;
				INFOPLIST_KEY_UISupportedInterfaceOrientations_iPad = "UIInterfaceOrientationPortrait UIInterfaceOrientationPortraitUpsideDown UIInterfaceOrientationLandscapeLeft UIInterfaceOrientationLandscapeRight";
				INFOPLIST_KEY_UISupportedInterfaceOrientations_iPhone = "UIInterfaceOrientationPortrait UIInterfaceOrientationLandscapeLeft UIInterfaceOrientationLandscapeRight";
				IPHONEOS_DEPLOYMENT_TARGET = 15.0;
				LD_RUNPATH_SEARCH_PATHS = (
					"$(inherited)",
					"@executable_path/Frameworks",
				);
				MARKETING_VERSION = 1.0;
				PRODUCT_BUNDLE_IDENTIFIER = com.rainastuff.Raina;
				PRODUCT_NAME = "$(TARGET_NAME)";
				SDKROOT = iphoneos;
				SWIFT_EMIT_LOC_STRINGS = YES;
				SWIFT_VERSION = 5.0;
				TARGETED_DEVICE_FAMILY = "1,2";
			};
			name = Debug;
		};
		A0F6930D2A34F12800CB564D /* Release */ = {
			isa = XCBuildConfiguration;
			buildSettings = {
				ALWAYS_EMBED_SWIFT_STANDARD_LIBRARIES = YES;
				ASSETCATALOG_COMPILER_APPICON_NAME = AppIcon;
				ASSETCATALOG_COMPILER_GLOBAL_ACCENT_COLOR_NAME = AccentColor;
				CODE_SIGN_STYLE = Automatic;
				CURRENT_PROJECT_VERSION = 1;
				DEVELOPMENT_ASSET_PATHS = "\"Raina/Preview Content\"";
				DEVELOPMENT_TEAM = 6YTE2DBWC7;
				ENABLE_PREVIEWS = YES;
				GENERATE_INFOPLIST_FILE = YES;
				INFOPLIST_KEY_CFBundleDisplayName = Raina;
				INFOPLIST_KEY_UIApplicationSceneManifest_Generation = YES;
				INFOPLIST_KEY_UIApplicationSupportsIndirectInputEvents = YES;
				INFOPLIST_KEY_UILaunchScreen_Generation = YES;
				INFOPLIST_KEY_UISupportedInterfaceOrientations_iPad = "UIInterfaceOrientationPortrait UIInterfaceOrientationPortraitUpsideDown UIInterfaceOrientationLandscapeLeft UIInterfaceOrientationLandscapeRight";
				INFOPLIST_KEY_UISupportedInterfaceOrientations_iPhone = "UIInterfaceOrientationPortrait UIInterfaceOrientationLandscapeLeft UIInterfaceOrientationLandscapeRight";
				IPHONEOS_DEPLOYMENT_TARGET = 15.0;
				LD_RUNPATH_SEARCH_PATHS = (
					"$(inherited)",
					"@executable_path/Frameworks",
				);
				MARKETING_VERSION = 1.0;
				PRODUCT_BUNDLE_IDENTIFIER = com.rainastuff.Raina;
				PRODUCT_NAME = "$(TARGET_NAME)";
				SDKROOT = iphoneos;
				SWIFT_EMIT_LOC_STRINGS = YES;
				SWIFT_VERSION = 5.0;
				TARGETED_DEVICE_FAMILY = "1,2";
				VALIDATE_PRODUCT = YES;
			};
			name = Release;
		};
/* End XCBuildConfiguration section */

/* Begin XCConfigurationList section */
		A0F692E22A34F12600CB564D /* Build configuration list for PBXProject "Raina" */ = {
			isa = XCConfigurationList;
			buildConfigurations = (
				A0F693052A34F12800CB564D /* Debug */,
				A0F693062A34F12800CB564D /* Release */,
			);
			defaultConfigurationIsVisible = 0;
			defaultConfigurationName = Release;
		};
		A0F693072A34F12800CB564D /* Build configuration list for PBXNativeTarget "Raina Watch App" */ = {
			isa = XCConfigurationList;
			buildConfigurations = (
				A0F693082A34F12800CB564D /* Debug */,
				A0F693092A34F12800CB564D /* Release */,
			);
			defaultConfigurationIsVisible = 0;
			defaultConfigurationName = Release;
		};
		A0F6930B2A34F12800CB564D /* Build configuration list for PBXNativeTarget "Raina" */ = {
			isa = XCConfigurationList;
			buildConfigurations = (
				A0F6930C2A34F12800CB564D /* Debug */,
				A0F6930D2A34F12800CB564D /* Release */,
			);
			defaultConfigurationIsVisible = 0;
			defaultConfigurationName = Release;
		};
/* End XCConfigurationList section */
	};
	rootObject = A0F692DF2A34F12600CB564D /* Project object */;
}
